
Microsoft Visual Studio Solution File, Format Version 12.00
# Visual Studio Version 17
VisualStudioVersion = 17.0.31903.59
MinimumVisualStudioVersion = 10.0.40219.1
Project("{9A19103F-16F7-4668-BE54-9A1E7A4F7556}") = "Api", "Api\Api.csproj", "{449F01F7-57A5-4EF4-8ABA-3E268D4265F5}"
EndProject
Project("{9A19103F-16F7-4668-BE54-9A1E7A4F7556}") = "Exceptions", "Exceptions\Exceptions.csproj", "{1B2F38CF-D57C-4ADE-98C0-8E13D328883E}"
EndProject
Project("{9A19103F-16F7-4668-BE54-9A1E7A4F7556}") = "Services", "Services\Services.csproj", "{FEE428EA-B097-48E3-B626-3C112FB25E4D}"
EndProject
Project("{9A19103F-16F7-4668-BE54-9A1E7A4F7556}") = "Dtos", "Dtos\Dtos.csproj", "{F9470469-4280-42F8-B3BD-D7D0F6D67995}"
EndProject
Project("{9A19103F-16F7-4668-BE54-9A1E7A4F7556}") = "UnitOfWorks", "UnitOfWorks\UnitOfWorks.csproj", "{54B12C80-F76F-458B-A53F-1702BB2B42E5}"
EndProject
Project("{9A19103F-16F7-4668-BE54-9A1E7A4F7556}") = "Repositories", "Repositories\Repositories.csproj", "{8D2A9AB0-E873-4E6D-A844-4E05881C9E54}"
EndProject
Project("{9A19103F-16F7-4668-BE54-9A1E7A4F7556}") = "Entities", "Entities\Entities.csproj", "{70E71F68-F88D-4E22-8A0D-7912FD978BB8}"
EndProject
Project("{8BC9CEB8-8B4A-11D0-8D11-00A0C91BC942}") = "optimisation", "optimisation\optimisation.vcxproj", "{A2F1AD75-4C5F-4188-B98D-0D6FC4B46F04}"
EndProject
Global
	GlobalSection(SolutionConfigurationPlatforms) = preSolution
		Debug|Any CPU = Debug|Any CPU
		Debug|x64 = Debug|x64
		Debug|x86 = Debug|x86
		MinSizeRel|Any CPU = MinSizeRel|Any CPU
		MinSizeRel|x64 = MinSizeRel|x64
		MinSizeRel|x86 = MinSizeRel|x86
		Release|Any CPU = Release|Any CPU
		Release|x64 = Release|x64
		Release|x86 = Release|x86
		RelWithDebInfo|Any CPU = RelWithDebInfo|Any CPU
		RelWithDebInfo|x64 = RelWithDebInfo|x64
		RelWithDebInfo|x86 = RelWithDebInfo|x86
	EndGlobalSection
	GlobalSection(ProjectConfigurationPlatforms) = postSolution
		{449F01F7-57A5-4EF4-8ABA-3E268D4265F5}.Debug|Any CPU.ActiveCfg = Debug|Any CPU
		{449F01F7-57A5-4EF4-8ABA-3E268D4265F5}.Debug|Any CPU.Build.0 = Debug|Any CPU
		{449F01F7-57A5-4EF4-8ABA-3E268D4265F5}.Debug|x64.ActiveCfg = Debug|Any CPU
		{449F01F7-57A5-4EF4-8ABA-3E268D4265F5}.Debug|x64.Build.0 = Debug|Any CPU
		{449F01F7-57A5-4EF4-8ABA-3E268D4265F5}.Debug|x86.ActiveCfg = Debug|Any CPU
		{449F01F7-57A5-4EF4-8ABA-3E268D4265F5}.Debug|x86.Build.0 = Debug|Any CPU
		{449F01F7-57A5-4EF4-8ABA-3E268D4265F5}.MinSizeRel|Any CPU.ActiveCfg = Release|Any CPU
		{449F01F7-57A5-4EF4-8ABA-3E268D4265F5}.MinSizeRel|Any CPU.Build.0 = Release|Any CPU
		{449F01F7-57A5-4EF4-8ABA-3E268D4265F5}.MinSizeRel|x64.ActiveCfg = Release|Any CPU
		{449F01F7-57A5-4EF4-8ABA-3E268D4265F5}.MinSizeRel|x64.Build.0 = Release|Any CPU
		{449F01F7-57A5-4EF4-8ABA-3E268D4265F5}.MinSizeRel|x86.ActiveCfg = Release|Any CPU
		{449F01F7-57A5-4EF4-8ABA-3E268D4265F5}.MinSizeRel|x86.Build.0 = Release|Any CPU
		{449F01F7-57A5-4EF4-8ABA-3E268D4265F5}.Release|Any CPU.ActiveCfg = Release|Any CPU
		{449F01F7-57A5-4EF4-8ABA-3E268D4265F5}.Release|Any CPU.Build.0 = Release|Any CPU
		{449F01F7-57A5-4EF4-8ABA-3E268D4265F5}.Release|x64.ActiveCfg = Release|Any CPU
		{449F01F7-57A5-4EF4-8ABA-3E268D4265F5}.Release|x64.Build.0 = Release|Any CPU
		{449F01F7-57A5-4EF4-8ABA-3E268D4265F5}.Release|x86.ActiveCfg = Release|Any CPU
		{449F01F7-57A5-4EF4-8ABA-3E268D4265F5}.Release|x86.Build.0 = Release|Any CPU
		{449F01F7-57A5-4EF4-8ABA-3E268D4265F5}.RelWithDebInfo|Any CPU.ActiveCfg = Release|Any CPU
		{449F01F7-57A5-4EF4-8ABA-3E268D4265F5}.RelWithDebInfo|Any CPU.Build.0 = Release|Any CPU
		{449F01F7-57A5-4EF4-8ABA-3E268D4265F5}.RelWithDebInfo|x64.ActiveCfg = Release|Any CPU
		{449F01F7-57A5-4EF4-8ABA-3E268D4265F5}.RelWithDebInfo|x64.Build.0 = Release|Any CPU
		{449F01F7-57A5-4EF4-8ABA-3E268D4265F5}.RelWithDebInfo|x86.ActiveCfg = Release|Any CPU
		{449F01F7-57A5-4EF4-8ABA-3E268D4265F5}.RelWithDebInfo|x86.Build.0 = Release|Any CPU
		{1B2F38CF-D57C-4ADE-98C0-8E13D328883E}.Debug|Any CPU.ActiveCfg = Debug|Any CPU
		{1B2F38CF-D57C-4ADE-98C0-8E13D328883E}.Debug|Any CPU.Build.0 = Debug|Any CPU
		{1B2F38CF-D57C-4ADE-98C0-8E13D328883E}.Debug|x64.ActiveCfg = Debug|Any CPU
		{1B2F38CF-D57C-4ADE-98C0-8E13D328883E}.Debug|x64.Build.0 = Debug|Any CPU
		{1B2F38CF-D57C-4ADE-98C0-8E13D328883E}.Debug|x86.ActiveCfg = Debug|Any CPU
		{1B2F38CF-D57C-4ADE-98C0-8E13D328883E}.Debug|x86.Build.0 = Debug|Any CPU
		{1B2F38CF-D57C-4ADE-98C0-8E13D328883E}.MinSizeRel|Any CPU.ActiveCfg = Release|Any CPU
		{1B2F38CF-D57C-4ADE-98C0-8E13D328883E}.MinSizeRel|Any CPU.Build.0 = Release|Any CPU
		{1B2F38CF-D57C-4ADE-98C0-8E13D328883E}.MinSizeRel|x64.ActiveCfg = Release|Any CPU
		{1B2F38CF-D57C-4ADE-98C0-8E13D328883E}.MinSizeRel|x64.Build.0 = Release|Any CPU
		{1B2F38CF-D57C-4ADE-98C0-8E13D328883E}.MinSizeRel|x86.ActiveCfg = Release|Any CPU
		{1B2F38CF-D57C-4ADE-98C0-8E13D328883E}.MinSizeRel|x86.Build.0 = Release|Any CPU
		{1B2F38CF-D57C-4ADE-98C0-8E13D328883E}.Release|Any CPU.ActiveCfg = Release|Any CPU
		{1B2F38CF-D57C-4ADE-98C0-8E13D328883E}.Release|Any CPU.Build.0 = Release|Any CPU
		{1B2F38CF-D57C-4ADE-98C0-8E13D328883E}.Release|x64.ActiveCfg = Release|Any CPU
		{1B2F38CF-D57C-4ADE-98C0-8E13D328883E}.Release|x64.Build.0 = Release|Any CPU
		{1B2F38CF-D57C-4ADE-98C0-8E13D328883E}.Release|x86.ActiveCfg = Release|Any CPU
		{1B2F38CF-D57C-4ADE-98C0-8E13D328883E}.Release|x86.Build.0 = Release|Any CPU
		{1B2F38CF-D57C-4ADE-98C0-8E13D328883E}.RelWithDebInfo|Any CPU.ActiveCfg = Release|Any CPU
		{1B2F38CF-D57C-4ADE-98C0-8E13D328883E}.RelWithDebInfo|Any CPU.Build.0 = Release|Any CPU
		{1B2F38CF-D57C-4ADE-98C0-8E13D328883E}.RelWithDebInfo|x64.ActiveCfg = Release|Any CPU
		{1B2F38CF-D57C-4ADE-98C0-8E13D328883E}.RelWithDebInfo|x64.Build.0 = Release|Any CPU
		{1B2F38CF-D57C-4ADE-98C0-8E13D328883E}.RelWithDebInfo|x86.ActiveCfg = Release|Any CPU
		{1B2F38CF-D57C-4ADE-98C0-8E13D328883E}.RelWithDebInfo|x86.Build.0 = Release|Any CPU
		{FEE428EA-B097-48E3-B626-3C112FB25E4D}.Debug|Any CPU.ActiveCfg = Debug|Any CPU
		{FEE428EA-B097-48E3-B626-3C112FB25E4D}.Debug|Any CPU.Build.0 = Debug|Any CPU
		{FEE428EA-B097-48E3-B626-3C112FB25E4D}.Debug|x64.ActiveCfg = Debug|Any CPU
		{FEE428EA-B097-48E3-B626-3C112FB25E4D}.Debug|x64.Build.0 = Debug|Any CPU
		{FEE428EA-B097-48E3-B626-3C112FB25E4D}.Debug|x86.ActiveCfg = Debug|Any CPU
		{FEE428EA-B097-48E3-B626-3C112FB25E4D}.Debug|x86.Build.0 = Debug|Any CPU
		{FEE428EA-B097-48E3-B626-3C112FB25E4D}.MinSizeRel|Any CPU.ActiveCfg = Release|Any CPU
		{FEE428EA-B097-48E3-B626-3C112FB25E4D}.MinSizeRel|Any CPU.Build.0 = Release|Any CPU
		{FEE428EA-B097-48E3-B626-3C112FB25E4D}.MinSizeRel|x64.ActiveCfg = Release|Any CPU
		{FEE428EA-B097-48E3-B626-3C112FB25E4D}.MinSizeRel|x64.Build.0 = Release|Any CPU
		{FEE428EA-B097-48E3-B626-3C112FB25E4D}.MinSizeRel|x86.ActiveCfg = Release|Any CPU
		{FEE428EA-B097-48E3-B626-3C112FB25E4D}.MinSizeRel|x86.Build.0 = Release|Any CPU
		{FEE428EA-B097-48E3-B626-3C112FB25E4D}.Release|Any CPU.ActiveCfg = Release|Any CPU
		{FEE428EA-B097-48E3-B626-3C112FB25E4D}.Release|Any CPU.Build.0 = Release|Any CPU
		{FEE428EA-B097-48E3-B626-3C112FB25E4D}.Release|x64.ActiveCfg = Release|Any CPU
		{FEE428EA-B097-48E3-B626-3C112FB25E4D}.Release|x64.Build.0 = Release|Any CPU
		{FEE428EA-B097-48E3-B626-3C112FB25E4D}.Release|x86.ActiveCfg = Release|Any CPU
		{FEE428EA-B097-48E3-B626-3C112FB25E4D}.Release|x86.Build.0 = Release|Any CPU
		{FEE428EA-B097-48E3-B626-3C112FB25E4D}.RelWithDebInfo|Any CPU.ActiveCfg = Release|Any CPU
		{FEE428EA-B097-48E3-B626-3C112FB25E4D}.RelWithDebInfo|Any CPU.Build.0 = Release|Any CPU
		{FEE428EA-B097-48E3-B626-3C112FB25E4D}.RelWithDebInfo|x64.ActiveCfg = Release|Any CPU
		{FEE428EA-B097-48E3-B626-3C112FB25E4D}.RelWithDebInfo|x64.Build.0 = Release|Any CPU
		{FEE428EA-B097-48E3-B626-3C112FB25E4D}.RelWithDebInfo|x86.ActiveCfg = Release|Any CPU
		{FEE428EA-B097-48E3-B626-3C112FB25E4D}.RelWithDebInfo|x86.Build.0 = Release|Any CPU
		{F9470469-4280-42F8-B3BD-D7D0F6D67995}.Debug|Any CPU.ActiveCfg = Debug|Any CPU
		{F9470469-4280-42F8-B3BD-D7D0F6D67995}.Debug|Any CPU.Build.0 = Debug|Any CPU
		{F9470469-4280-42F8-B3BD-D7D0F6D67995}.Debug|x64.ActiveCfg = Debug|Any CPU
		{F9470469-4280-42F8-B3BD-D7D0F6D67995}.Debug|x64.Build.0 = Debug|Any CPU
		{F9470469-4280-42F8-B3BD-D7D0F6D67995}.Debug|x86.ActiveCfg = Debug|Any CPU
		{F9470469-4280-42F8-B3BD-D7D0F6D67995}.Debug|x86.Build.0 = Debug|Any CPU
		{F9470469-4280-42F8-B3BD-D7D0F6D67995}.MinSizeRel|Any CPU.ActiveCfg = Release|Any CPU
		{F9470469-4280-42F8-B3BD-D7D0F6D67995}.MinSizeRel|Any CPU.Build.0 = Release|Any CPU
		{F9470469-4280-42F8-B3BD-D7D0F6D67995}.MinSizeRel|x64.ActiveCfg = Release|Any CPU
		{F9470469-4280-42F8-B3BD-D7D0F6D67995}.MinSizeRel|x64.Build.0 = Release|Any CPU
		{F9470469-4280-42F8-B3BD-D7D0F6D67995}.MinSizeRel|x86.ActiveCfg = Release|Any CPU
		{F9470469-4280-42F8-B3BD-D7D0F6D67995}.MinSizeRel|x86.Build.0 = Release|Any CPU
		{F9470469-4280-42F8-B3BD-D7D0F6D67995}.Release|Any CPU.ActiveCfg = Release|Any CPU
		{F9470469-4280-42F8-B3BD-D7D0F6D67995}.Release|Any CPU.Build.0 = Release|Any CPU
		{F9470469-4280-42F8-B3BD-D7D0F6D67995}.Release|x64.ActiveCfg = Release|Any CPU
		{F9470469-4280-42F8-B3BD-D7D0F6D67995}.Release|x64.Build.0 = Release|Any CPU
		{F9470469-4280-42F8-B3BD-D7D0F6D67995}.Release|x86.ActiveCfg = Release|Any CPU
		{F9470469-4280-42F8-B3BD-D7D0F6D67995}.Release|x86.Build.0 = Release|Any CPU
		{F9470469-4280-42F8-B3BD-D7D0F6D67995}.RelWithDebInfo|Any CPU.ActiveCfg = Release|Any CPU
		{F9470469-4280-42F8-B3BD-D7D0F6D67995}.RelWithDebInfo|Any CPU.Build.0 = Release|Any CPU
		{F9470469-4280-42F8-B3BD-D7D0F6D67995}.RelWithDebInfo|x64.ActiveCfg = Release|Any CPU
		{F9470469-4280-42F8-B3BD-D7D0F6D67995}.RelWithDebInfo|x64.Build.0 = Release|Any CPU
		{F9470469-4280-42F8-B3BD-D7D0F6D67995}.RelWithDebInfo|x86.ActiveCfg = Release|Any CPU
		{F9470469-4280-42F8-B3BD-D7D0F6D67995}.RelWithDebInfo|x86.Build.0 = Release|Any CPU
		{54B12C80-F76F-458B-A53F-1702BB2B42E5}.Debug|Any CPU.ActiveCfg = Debug|Any CPU
		{54B12C80-F76F-458B-A53F-1702BB2B42E5}.Debug|Any CPU.Build.0 = Debug|Any CPU
		{54B12C80-F76F-458B-A53F-1702BB2B42E5}.Debug|x64.ActiveCfg = Debug|Any CPU
		{54B12C80-F76F-458B-A53F-1702BB2B42E5}.Debug|x64.Build.0 = Debug|Any CPU
		{54B12C80-F76F-458B-A53F-1702BB2B42E5}.Debug|x86.ActiveCfg = Debug|Any CPU
		{54B12C80-F76F-458B-A53F-1702BB2B42E5}.Debug|x86.Build.0 = Debug|Any CPU
		{54B12C80-F76F-458B-A53F-1702BB2B42E5}.MinSizeRel|Any CPU.ActiveCfg = Release|Any CPU
		{54B12C80-F76F-458B-A53F-1702BB2B42E5}.MinSizeRel|Any CPU.Build.0 = Release|Any CPU
		{54B12C80-F76F-458B-A53F-1702BB2B42E5}.MinSizeRel|x64.ActiveCfg = Release|Any CPU
		{54B12C80-F76F-458B-A53F-1702BB2B42E5}.MinSizeRel|x64.Build.0 = Release|Any CPU
		{54B12C80-F76F-458B-A53F-1702BB2B42E5}.MinSizeRel|x86.ActiveCfg = Release|Any CPU
		{54B12C80-F76F-458B-A53F-1702BB2B42E5}.MinSizeRel|x86.Build.0 = Release|Any CPU
		{54B12C80-F76F-458B-A53F-1702BB2B42E5}.Release|Any CPU.ActiveCfg = Release|Any CPU
		{54B12C80-F76F-458B-A53F-1702BB2B42E5}.Release|Any CPU.Build.0 = Release|Any CPU
		{54B12C80-F76F-458B-A53F-1702BB2B42E5}.Release|x64.ActiveCfg = Release|Any CPU
		{54B12C80-F76F-458B-A53F-1702BB2B42E5}.Release|x64.Build.0 = Release|Any CPU
		{54B12C80-F76F-458B-A53F-1702BB2B42E5}.Release|x86.ActiveCfg = Release|Any CPU
		{54B12C80-F76F-458B-A53F-1702BB2B42E5}.Release|x86.Build.0 = Release|Any CPU
		{54B12C80-F76F-458B-A53F-1702BB2B42E5}.RelWithDebInfo|Any CPU.ActiveCfg = Release|Any CPU
		{54B12C80-F76F-458B-A53F-1702BB2B42E5}.RelWithDebInfo|Any CPU.Build.0 = Release|Any CPU
		{54B12C80-F76F-458B-A53F-1702BB2B42E5}.RelWithDebInfo|x64.ActiveCfg = Release|Any CPU
		{54B12C80-F76F-458B-A53F-1702BB2B42E5}.RelWithDebInfo|x64.Build.0 = Release|Any CPU
		{54B12C80-F76F-458B-A53F-1702BB2B42E5}.RelWithDebInfo|x86.ActiveCfg = Release|Any CPU
		{54B12C80-F76F-458B-A53F-1702BB2B42E5}.RelWithDebInfo|x86.Build.0 = Release|Any CPU
		{8D2A9AB0-E873-4E6D-A844-4E05881C9E54}.Debug|Any CPU.ActiveCfg = Debug|Any CPU
		{8D2A9AB0-E873-4E6D-A844-4E05881C9E54}.Debug|Any CPU.Build.0 = Debug|Any CPU
		{8D2A9AB0-E873-4E6D-A844-4E05881C9E54}.Debug|x64.ActiveCfg = Debug|Any CPU
		{8D2A9AB0-E873-4E6D-A844-4E05881C9E54}.Debug|x64.Build.0 = Debug|Any CPU
		{8D2A9AB0-E873-4E6D-A844-4E05881C9E54}.Debug|x86.ActiveCfg = Debug|Any CPU
		{8D2A9AB0-E873-4E6D-A844-4E05881C9E54}.Debug|x86.Build.0 = Debug|Any CPU
		{8D2A9AB0-E873-4E6D-A844-4E05881C9E54}.MinSizeRel|Any CPU.ActiveCfg = Release|Any CPU
		{8D2A9AB0-E873-4E6D-A844-4E05881C9E54}.MinSizeRel|Any CPU.Build.0 = Release|Any CPU
		{8D2A9AB0-E873-4E6D-A844-4E05881C9E54}.MinSizeRel|x64.ActiveCfg = Release|Any CPU
		{8D2A9AB0-E873-4E6D-A844-4E05881C9E54}.MinSizeRel|x64.Build.0 = Release|Any CPU
		{8D2A9AB0-E873-4E6D-A844-4E05881C9E54}.MinSizeRel|x86.ActiveCfg = Release|Any CPU
		{8D2A9AB0-E873-4E6D-A844-4E05881C9E54}.MinSizeRel|x86.Build.0 = Release|Any CPU
		{8D2A9AB0-E873-4E6D-A844-4E05881C9E54}.Release|Any CPU.ActiveCfg = Release|Any CPU
		{8D2A9AB0-E873-4E6D-A844-4E05881C9E54}.Release|Any CPU.Build.0 = Release|Any CPU
		{8D2A9AB0-E873-4E6D-A844-4E05881C9E54}.Release|x64.ActiveCfg = Release|Any CPU
		{8D2A9AB0-E873-4E6D-A844-4E05881C9E54}.Release|x64.Build.0 = Release|Any CPU
		{8D2A9AB0-E873-4E6D-A844-4E05881C9E54}.Release|x86.ActiveCfg = Release|Any CPU
		{8D2A9AB0-E873-4E6D-A844-4E05881C9E54}.Release|x86.Build.0 = Release|Any CPU
		{8D2A9AB0-E873-4E6D-A844-4E05881C9E54}.RelWithDebInfo|Any CPU.ActiveCfg = Release|Any CPU
		{8D2A9AB0-E873-4E6D-A844-4E05881C9E54}.RelWithDebInfo|Any CPU.Build.0 = Release|Any CPU
		{8D2A9AB0-E873-4E6D-A844-4E05881C9E54}.RelWithDebInfo|x64.ActiveCfg = Release|Any CPU
		{8D2A9AB0-E873-4E6D-A844-4E05881C9E54}.RelWithDebInfo|x64.Build.0 = Release|Any CPU
		{8D2A9AB0-E873-4E6D-A844-4E05881C9E54}.RelWithDebInfo|x86.ActiveCfg = Release|Any CPU
		{8D2A9AB0-E873-4E6D-A844-4E05881C9E54}.RelWithDebInfo|x86.Build.0 = Release|Any CPU
		{70E71F68-F88D-4E22-8A0D-7912FD978BB8}.Debug|Any CPU.ActiveCfg = Debug|Any CPU
		{70E71F68-F88D-4E22-8A0D-7912FD978BB8}.Debug|Any CPU.Build.0 = Debug|Any CPU
		{70E71F68-F88D-4E22-8A0D-7912FD978BB8}.Debug|x64.ActiveCfg = Debug|Any CPU
		{70E71F68-F88D-4E22-8A0D-7912FD978BB8}.Debug|x64.Build.0 = Debug|Any CPU
		{70E71F68-F88D-4E22-8A0D-7912FD978BB8}.Debug|x86.ActiveCfg = Debug|Any CPU
		{70E71F68-F88D-4E22-8A0D-7912FD978BB8}.Debug|x86.Build.0 = Debug|Any CPU
		{70E71F68-F88D-4E22-8A0D-7912FD978BB8}.MinSizeRel|Any CPU.ActiveCfg = Release|Any CPU
		{70E71F68-F88D-4E22-8A0D-7912FD978BB8}.MinSizeRel|Any CPU.Build.0 = Release|Any CPU
		{70E71F68-F88D-4E22-8A0D-7912FD978BB8}.MinSizeRel|x64.ActiveCfg = Release|Any CPU
		{70E71F68-F88D-4E22-8A0D-7912FD978BB8}.MinSizeRel|x64.Build.0 = Release|Any CPU
		{70E71F68-F88D-4E22-8A0D-7912FD978BB8}.MinSizeRel|x86.ActiveCfg = Release|Any CPU
		{70E71F68-F88D-4E22-8A0D-7912FD978BB8}.MinSizeRel|x86.Build.0 = Release|Any CPU
		{70E71F68-F88D-4E22-8A0D-7912FD978BB8}.Release|Any CPU.ActiveCfg = Release|Any CPU
		{70E71F68-F88D-4E22-8A0D-7912FD978BB8}.Release|Any CPU.Build.0 = Release|Any CPU
		{70E71F68-F88D-4E22-8A0D-7912FD978BB8}.Release|x64.ActiveCfg = Release|Any CPU
		{70E71F68-F88D-4E22-8A0D-7912FD978BB8}.Release|x64.Build.0 = Release|Any CPU
		{70E71F68-F88D-4E22-8A0D-7912FD978BB8}.Release|x86.ActiveCfg = Release|Any CPU
		{70E71F68-F88D-4E22-8A0D-7912FD978BB8}.Release|x86.Build.0 = Release|Any CPU
		{70E71F68-F88D-4E22-8A0D-7912FD978BB8}.RelWithDebInfo|Any CPU.ActiveCfg = Release|Any CPU
		{70E71F68-F88D-4E22-8A0D-7912FD978BB8}.RelWithDebInfo|Any CPU.Build.0 = Release|Any CPU
		{70E71F68-F88D-4E22-8A0D-7912FD978BB8}.RelWithDebInfo|x64.ActiveCfg = Release|Any CPU
		{70E71F68-F88D-4E22-8A0D-7912FD978BB8}.RelWithDebInfo|x64.Build.0 = Release|Any CPU
		{70E71F68-F88D-4E22-8A0D-7912FD978BB8}.RelWithDebInfo|x86.ActiveCfg = Release|Any CPU
		{70E71F68-F88D-4E22-8A0D-7912FD978BB8}.RelWithDebInfo|x86.Build.0 = Release|Any CPU
		{A2F1AD75-4C5F-4188-B98D-0D6FC4B46F04}.Debug|Any CPU.ActiveCfg = Debug|x64
		{A2F1AD75-4C5F-4188-B98D-0D6FC4B46F04}.Debug|Any CPU.Build.0 = Debug|x64
		{A2F1AD75-4C5F-4188-B98D-0D6FC4B46F04}.Debug|x64.ActiveCfg = Debug|x64
		{A2F1AD75-4C5F-4188-B98D-0D6FC4B46F04}.Debug|x64.Build.0 = Debug|x64
		{A2F1AD75-4C5F-4188-B98D-0D6FC4B46F04}.Debug|x86.ActiveCfg = Debug|Win32
		{A2F1AD75-4C5F-4188-B98D-0D6FC4B46F04}.Debug|x86.Build.0 = Debug|Win32
		{A2F1AD75-4C5F-4188-B98D-0D6FC4B46F04}.MinSizeRel|Any CPU.ActiveCfg = Debug|Win32
		{A2F1AD75-4C5F-4188-B98D-0D6FC4B46F04}.MinSizeRel|Any CPU.Build.0 = Debug|Win32
		{A2F1AD75-4C5F-4188-B98D-0D6FC4B46F04}.MinSizeRel|x64.ActiveCfg = Debug|x64
		{A2F1AD75-4C5F-4188-B98D-0D6FC4B46F04}.MinSizeRel|x64.Build.0 = Debug|x64
		{A2F1AD75-4C5F-4188-B98D-0D6FC4B46F04}.MinSizeRel|x86.ActiveCfg = Debug|Win32
		{A2F1AD75-4C5F-4188-B98D-0D6FC4B46F04}.MinSizeRel|x86.Build.0 = Debug|Win32
		{A2F1AD75-4C5F-4188-B98D-0D6FC4B46F04}.Release|Any CPU.ActiveCfg = Release|x64
		{A2F1AD75-4C5F-4188-B98D-0D6FC4B46F04}.Release|Any CPU.Build.0 = Release|x64
		{A2F1AD75-4C5F-4188-B98D-0D6FC4B46F04}.Release|x64.ActiveCfg = Release|x64
		{A2F1AD75-4C5F-4188-B98D-0D6FC4B46F04}.Release|x64.Build.0 = Release|x64
		{A2F1AD75-4C5F-4188-B98D-0D6FC4B46F04}.Release|x86.ActiveCfg = Release|Win32
		{A2F1AD75-4C5F-4188-B98D-0D6FC4B46F04}.Release|x86.Build.0 = Release|Win32
		{A2F1AD75-4C5F-4188-B98D-0D6FC4B46F04}.RelWithDebInfo|Any CPU.ActiveCfg = Debug|Win32
		{A2F1AD75-4C5F-4188-B98D-0D6FC4B46F04}.RelWithDebInfo|Any CPU.Build.0 = Debug|Win32
		{A2F1AD75-4C5F-4188-B98D-0D6FC4B46F04}.RelWithDebInfo|x64.ActiveCfg = Release|x64
		{A2F1AD75-4C5F-4188-B98D-0D6FC4B46F04}.RelWithDebInfo|x64.Build.0 = Release|x64
		{A2F1AD75-4C5F-4188-B98D-0D6FC4B46F04}.RelWithDebInfo|x86.ActiveCfg = Release|Win32
		{A2F1AD75-4C5F-4188-B98D-0D6FC4B46F04}.RelWithDebInfo|x86.Build.0 = Release|Win32
	EndGlobalSection
	GlobalSection(SolutionProperties) = preSolution
		HideSolutionNode = FALSE
	EndGlobalSection
	GlobalSection(ExtensibilityGlobals) = postSolution
		SolutionGuid = {D23261F3-A2D0-4F53-9694-781FB9F2E6BD}
	EndGlobalSection
EndGlobal
